
Microsoft Visual Studio Solution File, Format Version 12.00
# Visual Studio 15
VisualStudioVersion = 15.0.28307.329
MinimumVisualStudioVersion = 10.0.40219.1
Project("{888888A0-9F3D-457C-B088-3A5042F75D52}") = "HTTPServerTest", "HTTPServerTest\HTTPServerTest.pyproj", "{B4CC7E1F-58AD-44CB-99AB-DD46DC718172}"
EndProject
Global
	GlobalSection(SolutionConfigurationPlatforms) = preSolution
		Debug|Any CPU = Debug|Any CPU
		Release|Any CPU = Release|Any CPU
	EndGlobalSection
	GlobalSection(ProjectConfigurationPlatforms) = postSolution
		{B4CC7E1F-58AD-44CB-99AB-DD46DC718172}.Debug|Any CPU.ActiveCfg = Debug|Any CPU
		{B4CC7E1F-58AD-44CB-99AB-DD46DC718172}.Release|Any CPU.ActiveCfg = Release|Any CPU
	EndGlobalSection
	GlobalSection(SolutionProperties) = preSolution
		HideSolutionNode = FALSE
	EndGlobalSection
	GlobalSection(ExtensibilityGlobals) = postSolution
		SolutionGuid = {05492DE7-B62A-4F71-A1B0-888089A00C1F}
	EndGlobalSection
EndGlobal
